
Microsoft Visual Studio Solution File, Format Version 12.00
# Visual Studio Version 17
VisualStudioVersion = 17.1.32210.238
MinimumVisualStudioVersion = 10.0.40219.1
Project("{FAE04EC0-301F-11D3-BF4B-00C04F79EFBC}") = "APItoMVC", "APItoMVC.csproj", "{991AFE25-A029-4604-ADD9-F6503467815F}"
EndProject
Global
	GlobalSection(SolutionConfigurationPlatforms) = preSolution
		Debug|Any CPU = Debug|Any CPU
		Release|Any CPU = Release|Any CPU
	EndGlobalSection
	GlobalSection(ProjectConfigurationPlatforms) = postSolution
		{991AFE25-A029-4604-ADD9-F6503467815F}.Debug|Any CPU.ActiveCfg = Debug|Any CPU
		{991AFE25-A029-4604-ADD9-F6503467815F}.Debug|Any CPU.Build.0 = Debug|Any CPU
		{991AFE25-A029-4604-ADD9-F6503467815F}.Release|Any CPU.ActiveCfg = Release|Any CPU
		{991AFE25-A029-4604-ADD9-F6503467815F}.Release|Any CPU.Build.0 = Release|Any CPU
	EndGlobalSection
	GlobalSection(SolutionProperties) = preSolution
		HideSolutionNode = FALSE
	EndGlobalSection
	GlobalSection(ExtensibilityGlobals) = postSolution
		SolutionGuid = {8EDC6343-1FD1-46D2-9F0A-93CC07C6B937}
	EndGlobalSection
EndGlobal
