
Microsoft Visual Studio Solution File, Format Version 12.00
# Visual Studio Version 17
VisualStudioVersion = 17.1.32210.238
MinimumVisualStudioVersion = 10.0.40219.1
Project("{FAE04EC0-301F-11D3-BF4B-00C04F79EFBC}") = "Product_Invetory", "Product_Invetory.csproj", "{90BD616F-50AB-4453-9214-ED0CB0E03986}"
EndProject
Global
	GlobalSection(SolutionConfigurationPlatforms) = preSolution
		Debug|Any CPU = Debug|Any CPU
		Release|Any CPU = Release|Any CPU
	EndGlobalSection
	GlobalSection(ProjectConfigurationPlatforms) = postSolution
		{90BD616F-50AB-4453-9214-ED0CB0E03986}.Debug|Any CPU.ActiveCfg = Debug|Any CPU
		{90BD616F-50AB-4453-9214-ED0CB0E03986}.Debug|Any CPU.Build.0 = Debug|Any CPU
		{90BD616F-50AB-4453-9214-ED0CB0E03986}.Release|Any CPU.ActiveCfg = Release|Any CPU
		{90BD616F-50AB-4453-9214-ED0CB0E03986}.Release|Any CPU.Build.0 = Release|Any CPU
	EndGlobalSection
	GlobalSection(SolutionProperties) = preSolution
		HideSolutionNode = FALSE
	EndGlobalSection
	GlobalSection(ExtensibilityGlobals) = postSolution
		SolutionGuid = {EBBB815E-9C03-4C67-B932-28CE37084B6F}
	EndGlobalSection
EndGlobal
